
Microsoft Visual Studio Solution File, Format Version 12.00
# Visual Studio Version 17
VisualStudioVersion = 17.5.002.0
MinimumVisualStudioVersion = 10.0.40219.1
Project("{9A19103F-16F7-4668-BE54-9A1E7A4F7556}") = "Estacionamento", "Estacionamento.csproj", "{A8B3E9AF-66FE-46DC-BD54-070C512BC4CD}"
EndProject
Global
	GlobalSection(SolutionConfigurationPlatforms) = preSolution
		Debug|Any CPU = Debug|Any CPU
		Release|Any CPU = Release|Any CPU
	EndGlobalSection
	GlobalSection(ProjectConfigurationPlatforms) = postSolution
		{A8B3E9AF-66FE-46DC-BD54-070C512BC4CD}.Debug|Any CPU.ActiveCfg = Debug|Any CPU
		{A8B3E9AF-66FE-46DC-BD54-070C512BC4CD}.Debug|Any CPU.Build.0 = Debug|Any CPU
		{A8B3E9AF-66FE-46DC-BD54-070C512BC4CD}.Release|Any CPU.ActiveCfg = Release|Any CPU
		{A8B3E9AF-66FE-46DC-BD54-070C512BC4CD}.Release|Any CPU.Build.0 = Release|Any CPU
	EndGlobalSection
	GlobalSection(SolutionProperties) = preSolution
		HideSolutionNode = FALSE
	EndGlobalSection
	GlobalSection(ExtensibilityGlobals) = postSolution
		SolutionGuid = {ECC6DC64-CD7E-46E5-9D08-AA89933CBE14}
	EndGlobalSection
EndGlobal
